
Microsoft Visual Studio Solution File, Format Version 12.00
# Visual Studio Version 16
VisualStudioVersion = 16.0.31410.357
MinimumVisualStudioVersion = 10.0.40219.1
Project("{FAE04EC0-301F-11D3-BF4B-00C04F79EFBC}") = "Module3HW2", "Module3HW2\Module3HW2.csproj", "{1AFA04FB-C248-48B0-A6F4-879DCB88BC99}"
EndProject
Global
	GlobalSection(SolutionConfigurationPlatforms) = preSolution
		Debug|Any CPU = Debug|Any CPU
		Release|Any CPU = Release|Any CPU
	EndGlobalSection
	GlobalSection(ProjectConfigurationPlatforms) = postSolution
		{1AFA04FB-C248-48B0-A6F4-879DCB88BC99}.Debug|Any CPU.ActiveCfg = Debug|Any CPU
		{1AFA04FB-C248-48B0-A6F4-879DCB88BC99}.Debug|Any CPU.Build.0 = Debug|Any CPU
		{1AFA04FB-C248-48B0-A6F4-879DCB88BC99}.Release|Any CPU.ActiveCfg = Release|Any CPU
		{1AFA04FB-C248-48B0-A6F4-879DCB88BC99}.Release|Any CPU.Build.0 = Release|Any CPU
	EndGlobalSection
	GlobalSection(SolutionProperties) = preSolution
		HideSolutionNode = FALSE
	EndGlobalSection
	GlobalSection(ExtensibilityGlobals) = postSolution
		SolutionGuid = {F68194BC-869F-4349-8F3B-C12B7B95B955}
	EndGlobalSection
EndGlobal
